// !$*UTF8*$!
{
	archiveVersion = 1;
	classes = {
	};
	objectVersion = 46;
	objects = {

/* Begin PBXBuildFile section */
		B7C48DEE1AF5AFBD000F2FB9 /* main.m in Sources */ = {isa = PBXBuildFile; fileRef = B7C48DED1AF5AFBD000F2FB9 /* main.m */; };
		B7C48DF11AF5AFBD000F2FB9 /* AppDelegate.m in Sources */ = {isa = PBXBuildFile; fileRef = B7C48DF01AF5AFBD000F2FB9 /* AppDelegate.m */; };
		B7C48DF41AF5AFBD000F2FB9 /* RecipeStore.xcdatamodeld in Sources */ = {isa = PBXBuildFile; fileRef = B7C48DF21AF5AFBD000F2FB9 /* RecipeStore.xcdatamodeld */; };
		B7C48DF71AF5AFBD000F2FB9 /* ViewController.m in Sources */ = {isa = PBXBuildFile; fileRef = B7C48DF61AF5AFBD000F2FB9 /* ViewController.m */; };
		B7C48DFA1AF5AFBD000F2FB9 /* Main.storyboard in Resources */ = {isa = PBXBuildFile; fileRef = B7C48DF81AF5AFBD000F2FB9 /* Main.storyboard */; };
		B7C48DFC1AF5AFBD000F2FB9 /* Images.xcassets in Resources */ = {isa = PBXBuildFile; fileRef = B7C48DFB1AF5AFBD000F2FB9 /* Images.xcassets */; };
		B7C48DFF1AF5AFBD000F2FB9 /* LaunchScreen.xib in Resources */ = {isa = PBXBuildFile; fileRef = B7C48DFD1AF5AFBD000F2FB9 /* LaunchScreen.xib */; };
		B7C48E0B1AF5AFBD000F2FB9 /* RecipeStoreTests.m in Sources */ = {isa = PBXBuildFile; fileRef = B7C48E0A1AF5AFBD000F2FB9 /* RecipeStoreTests.m */; };
/* End PBXBuildFile section */

/* Begin PBXContainerItemProxy section */
		B7C48E051AF5AFBD000F2FB9 /* PBXContainerItemProxy */ = {
			isa = PBXContainerItemProxy;
			containerPortal = B7C48DE01AF5AFBD000F2FB9 /* Project object */;
			proxyType = 1;
			remoteGlobalIDString = B7C48DE71AF5AFBD000F2FB9;
			remoteInfo = RecipeStore;
		};
/* End PBXContainerItemProxy section */

/* Begin PBXFileReference section */
		B7C48DE81AF5AFBD000F2FB9 /* RecipeStore.app */ = {isa = PBXFileReference; explicitFileType = wrapper.application; includeInIndex = 0; path = RecipeStore.app; sourceTree = BUILT_PRODUCTS_DIR; };
		B7C48DEC1AF5AFBD000F2FB9 /* Info.plist */ = {isa = PBXFileReference; lastKnownFileType = text.plist.xml; path = Info.plist; sourceTree = "<group>"; };
		B7C48DED1AF5AFBD000F2FB9 /* main.m */ = {isa = PBXFileReference; lastKnownFileType = sourcecode.c.objc; path = main.m; sourceTree = "<group>"; };
		B7C48DEF1AF5AFBD000F2FB9 /* AppDelegate.h */ = {isa = PBXFileReference; lastKnownFileType = sourcecode.c.h; path = AppDelegate.h; sourceTree = "<group>"; };
		B7C48DF01AF5AFBD000F2FB9 /* AppDelegate.m */ = {isa = PBXFileReference; lastKnownFileType = sourcecode.c.objc; path = AppDelegate.m; sourceTree = "<group>"; };
		B7C48DF31AF5AFBD000F2FB9 /* RecipeStore.xcdatamodel */ = {isa = PBXFileReference; lastKnownFileType = wrapper.xcdatamodel; path = RecipeStore.xcdatamodel; sourceTree = "<group>"; };
		B7C48DF51AF5AFBD000F2FB9 /* ViewController.h */ = {isa = PBXFileReference; lastKnownFileType = sourcecode.c.h; path = ViewController.h; sourceTree = "<group>"; };
		B7C48DF61AF5AFBD000F2FB9 /* ViewController.m */ = {isa = PBXFileReference; lastKnownFileType = sourcecode.c.objc; path = ViewController.m; sourceTree = "<group>"; };
		B7C48DF91AF5AFBD000F2FB9 /* Base */ = {isa = PBXFileReference; lastKnownFileType = file.storyboard; name = Base; path = Base.lproj/Main.storyboard; sourceTree = "<group>"; };
		B7C48DFB1AF5AFBD000F2FB9 /* Images.xcassets */ = {isa = PBXFileReference; lastKnownFileType = folder.assetcatalog; path = Images.xcassets; sourceTree = "<group>"; };
		B7C48DFE1AF5AFBD000F2FB9 /* Base */ = {isa = PBXFileReference; lastKnownFileType = file.xib; name = Base; path = Base.lproj/LaunchScreen.xib; sourceTree = "<group>"; };
		B7C48E041AF5AFBD000F2FB9 /* RecipeStoreTests.xctest */ = {isa = PBXFileReference; explicitFileType = wrapper.cfbundle; includeInIndex = 0; path = RecipeStoreTests.xctest; sourceTree = BUILT_PRODUCTS_DIR; };
		B7C48E091AF5AFBD000F2FB9 /* Info.plist */ = {isa = PBXFileReference; lastKnownFileType = text.plist.xml; path = Info.plist; sourceTree = "<group>"; };
		B7C48E0A1AF5AFBD000F2FB9 /* RecipeStoreTests.m */ = {isa = PBXFileReference; lastKnownFileType = sourcecode.c.objc; path = RecipeStoreTests.m; sourceTree = "<group>"; };
/* End PBXFileReference section */

/* Begin PBXFrameworksBuildPhase section */
		B7C48DE51AF5AFBD000F2FB9 /* Frameworks */ = {
			isa = PBXFrameworksBuildPhase;
			buildActionMask = 2147483647;
			files = (
			);
			runOnlyForDeploymentPostprocessing = 0;
		};
		B7C48E011AF5AFBD000F2FB9 /* Frameworks */ = {
			isa = PBXFrameworksBuildPhase;
			buildActionMask = 2147483647;
			files = (
			);
			runOnlyForDeploymentPostprocessing = 0;
		};
/* End PBXFrameworksBuildPhase section */

/* Begin PBXGroup section */
		B7C48DDF1AF5AFBD000F2FB9 = {
			isa = PBXGroup;
			children = (
				B7C48DEA1AF5AFBD000F2FB9 /* RecipeStore */,
				B7C48E071AF5AFBD000F2FB9 /* RecipeStoreTests */,
				B7C48DE91AF5AFBD000F2FB9 /* Products */,
			);
			sourceTree = "<group>";
		};
		B7C48DE91AF5AFBD000F2FB9 /* Products */ = {
			isa = PBXGroup;
			children = (
				B7C48DE81AF5AFBD000F2FB9 /* RecipeStore.app */,
				B7C48E041AF5AFBD000F2FB9 /* RecipeStoreTests.xctest */,
			);
			name = Products;
			sourceTree = "<group>";
		};
		B7C48DEA1AF5AFBD000F2FB9 /* RecipeStore */ = {
			isa = PBXGroup;
			children = (
				B7C48DEF1AF5AFBD000F2FB9 /* AppDelegate.h */,
				B7C48DF01AF5AFBD000F2FB9 /* AppDelegate.m */,
				B7C48DF51AF5AFBD000F2FB9 /* ViewController.h */,
				B7C48DF61AF5AFBD000F2FB9 /* ViewController.m */,
				B7C48DF81AF5AFBD000F2FB9 /* Main.storyboard */,
				B7C48DFB1AF5AFBD000F2FB9 /* Images.xcassets */,
				B7C48DFD1AF5AFBD000F2FB9 /* LaunchScreen.xib */,
				B7C48DF21AF5AFBD000F2FB9 /* RecipeStore.xcdatamodeld */,
				B7C48DEB1AF5AFBD000F2FB9 /* Supporting Files */,
			);
			path = RecipeStore;
			sourceTree = "<group>";
		};
		B7C48DEB1AF5AFBD000F2FB9 /* Supporting Files */ = {
			isa = PBXGroup;
			children = (
				B7C48DEC1AF5AFBD000F2FB9 /* Info.plist */,
				B7C48DED1AF5AFBD000F2FB9 /* main.m */,
			);
			name = "Supporting Files";
			sourceTree = "<group>";
		};
		B7C48E071AF5AFBD000F2FB9 /* RecipeStoreTests */ = {
			isa = PBXGroup;
			children = (
				B7C48E0A1AF5AFBD000F2FB9 /* RecipeStoreTests.m */,
				B7C48E081AF5AFBD000F2FB9 /* Supporting Files */,
			);
			path = RecipeStoreTests;
			sourceTree = "<group>";
		};
		B7C48E081AF5AFBD000F2FB9 /* Supporting Files */ = {
			isa = PBXGroup;
			children = (
				B7C48E091AF5AFBD000F2FB9 /* Info.plist */,
			);
			name = "Supporting Files";
			sourceTree = "<group>";
		};
/* End PBXGroup section */

/* Begin PBXNativeTarget section */
		B7C48DE71AF5AFBD000F2FB9 /* RecipeStore */ = {
			isa = PBXNativeTarget;
			buildConfigurationList = B7C48E0E1AF5AFBD000F2FB9 /* Build configuration list for PBXNativeTarget "RecipeStore" */;
			buildPhases = (
				B7C48DE41AF5AFBD000F2FB9 /* Sources */,
				B7C48DE51AF5AFBD000F2FB9 /* Frameworks */,
				B7C48DE61AF5AFBD000F2FB9 /* Resources */,
			);
			buildRules = (
			);
			dependencies = (
			);
			name = RecipeStore;
			productName = RecipeStore;
			productReference = B7C48DE81AF5AFBD000F2FB9 /* RecipeStore.app */;
			productType = "com.apple.product-type.application";
		};
		B7C48E031AF5AFBD000F2FB9 /* RecipeStoreTests */ = {
			isa = PBXNativeTarget;
			buildConfigurationList = B7C48E111AF5AFBD000F2FB9 /* Build configuration list for PBXNativeTarget "RecipeStoreTests" */;
			buildPhases = (
				B7C48E001AF5AFBD000F2FB9 /* Sources */,
				B7C48E011AF5AFBD000F2FB9 /* Frameworks */,
				B7C48E021AF5AFBD000F2FB9 /* Resources */,
			);
			buildRules = (
			);
			dependencies = (
				B7C48E061AF5AFBD000F2FB9 /* PBXTargetDependency */,
			);
			name = RecipeStoreTests;
			productName = RecipeStoreTests;
			productReference = B7C48E041AF5AFBD000F2FB9 /* RecipeStoreTests.xctest */;
			productType = "com.apple.product-type.bundle.unit-test";
		};
/* End PBXNativeTarget section */

/* Begin PBXProject section */
		B7C48DE01AF5AFBD000F2FB9 /* Project object */ = {
			isa = PBXProject;
			attributes = {
				LastUpgradeCheck = 0630;
				ORGANIZATIONNAME = "Vincent Renais";
				TargetAttributes = {
					B7C48DE71AF5AFBD000F2FB9 = {
						CreatedOnToolsVersion = 6.3.1;
					};
					B7C48E031AF5AFBD000F2FB9 = {
						CreatedOnToolsVersion = 6.3.1;
						TestTargetID = B7C48DE71AF5AFBD000F2FB9;
					};
				};
			};
			buildConfigurationList = B7C48DE31AF5AFBD000F2FB9 /* Build configuration list for PBXProject "RecipeStore" */;
			compatibilityVersion = "Xcode 3.2";
			developmentRegion = English;
			hasScannedForEncodings = 0;
			knownRegions = (
				en,
				Base,
			);
			mainGroup = B7C48DDF1AF5AFBD000F2FB9;
			productRefGroup = B7C48DE91AF5AFBD000F2FB9 /* Products */;
			projectDirPath = "";
			projectRoot = "";
			targets = (
				B7C48DE71AF5AFBD000F2FB9 /* RecipeStore */,
				B7C48E031AF5AFBD000F2FB9 /* RecipeStoreTests */,
			);
		};
/* End PBXProject section */

/* Begin PBXResourcesBuildPhase section */
		B7C48DE61AF5AFBD000F2FB9 /* Resources */ = {
			isa = PBXResourcesBuildPhase;
			buildActionMask = 2147483647;
			files = (
				B7C48DFA1AF5AFBD000F2FB9 /* Main.storyboard in Resources */,
				B7C48DFF1AF5AFBD000F2FB9 /* LaunchScreen.xib in Resources */,
				B7C48DFC1AF5AFBD000F2FB9 /* Images.xcassets in Resources */,
			);
			runOnlyForDeploymentPostprocessing = 0;
		};
		B7C48E021AF5AFBD000F2FB9 /* Resources */ = {
			isa = PBXResourcesBuildPhase;
			buildActionMask = 2147483647;
			files = (
			);
			runOnlyForDeploymentPostprocessing = 0;
		};
/* End PBXResourcesBuildPhase section */

/* Begin PBXSourcesBuildPhase section */
		B7C48DE41AF5AFBD000F2FB9 /* Sources */ = {
			isa = PBXSourcesBuildPhase;
			buildActionMask = 2147483647;
			files = (
				B7C48DF41AF5AFBD000F2FB9 /* RecipeStore.xcdatamodeld in Sources */,
				B7C48DF11AF5AFBD000F2FB9 /* AppDelegate.m in Sources */,
				B7C48DF71AF5AFBD000F2FB9 /* ViewController.m in Sources */,
				B7C48DEE1AF5AFBD000F2FB9 /* main.m in Sources */,
			);
			runOnlyForDeploymentPostprocessing = 0;
		};
		B7C48E001AF5AFBD000F2FB9 /* Sources */ = {
			isa = PBXSourcesBuildPhase;
			buildActionMask = 2147483647;
			files = (
				B7C48E0B1AF5AFBD000F2FB9 /* RecipeStoreTests.m in Sources */,
			);
			runOnlyForDeploymentPostprocessing = 0;
		};
/* End PBXSourcesBuildPhase section */

/* Begin PBXTargetDependency section */
		B7C48E061AF5AFBD000F2FB9 /* PBXTargetDependency */ = {
			isa = PBXTargetDependency;
			target = B7C48DE71AF5AFBD000F2FB9 /* RecipeStore */;
			targetProxy = B7C48E051AF5AFBD000F2FB9 /* PBXContainerItemProxy */;
		};
/* End PBXTargetDependency section */

/* Begin PBXVariantGroup section */
		B7C48DF81AF5AFBD000F2FB9 /* Main.storyboard */ = {
			isa = PBXVariantGroup;
			children = (
				B7C48DF91AF5AFBD000F2FB9 /* Base */,
			);
			name = Main.storyboard;
			sourceTree = "<group>";
		};
		B7C48DFD1AF5AFBD000F2FB9 /* LaunchScreen.xib */ = {
			isa = PBXVariantGroup;
			children = (
				B7C48DFE1AF5AFBD000F2FB9 /* Base */,
			);
			name = LaunchScreen.xib;
			sourceTree = "<group>";
		};
/* End PBXVariantGroup section */

/* Begin XCBuildConfiguration section */
		B7C48E0C1AF5AFBD000F2FB9 /* Debug */ = {
			isa = XCBuildConfiguration;
			buildSettings = {
				ALWAYS_SEARCH_USER_PATHS = NO;
				CLANG_CXX_LANGUAGE_STANDARD = "gnu++0x";
				CLANG_CXX_LIBRARY = "libc++";
				CLANG_ENABLE_MODULES = YES;
				CLANG_ENABLE_OBJC_ARC = YES;
				CLANG_WARN_BOOL_CONVERSION = YES;
				CLANG_WARN_CONSTANT_CONVERSION = YES;
				CLANG_WARN_DIRECT_OBJC_ISA_USAGE = YES_ERROR;
				CLANG_WARN_EMPTY_BODY = YES;
				CLANG_WARN_ENUM_CONVERSION = YES;
				CLANG_WARN_INT_CONVERSION = YES;
				CLANG_WARN_OBJC_ROOT_CLASS = YES_ERROR;
				CLANG_WARN_UNREACHABLE_CODE = YES;
				CLANG_WARN__DUPLICATE_METHOD_MATCH = YES;
				"CODE_SIGN_IDENTITY[sdk=iphoneos*]" = "iPhone Developer";
				COPY_PHASE_STRIP = NO;
				DEBUG_INFORMATION_FORMAT = "dwarf-with-dsym";
				ENABLE_STRICT_OBJC_MSGSEND = YES;
				GCC_C_LANGUAGE_STANDARD = gnu99;
				GCC_DYNAMIC_NO_PIC = NO;
				GCC_NO_COMMON_BLOCKS = YES;
				GCC_OPTIMIZATION_LEVEL = 0;
				GCC_PREPROCESSOR_DEFINITIONS = (
					"DEBUG=1",
					"$(inherited)",
				);
				GCC_SYMBOLS_PRIVATE_EXTERN = NO;
				GCC_WARN_64_TO_32_BIT_CONVERSION = YES;
				GCC_WARN_ABOUT_RETURN_TYPE = YES_ERROR;
				GCC_WARN_UNDECLARED_SELECTOR = YES;
				GCC_WARN_UNINITIALIZED_AUTOS = YES_AGGRESSIVE;
				GCC_WARN_UNUSED_FUNCTION = YES;
				GCC_WARN_UNUSED_VARIABLE = YES;
				IPHONEOS_DEPLOYMENT_TARGET = 8.3;
				MTL_ENABLE_DEBUG_INFO = YES;
				ONLY_ACTIVE_ARCH = YES;
				SDKROOT = iphoneos;
			};
			name = Debug;
		};
		B7C48E0D1AF5AFBD000F2FB9 /* Release */ = {
			isa = XCBuildConfiguration;
			buildSettings = {
				ALWAYS_SEARCH_USER_PATHS = NO;
				CLANG_CXX_LANGUAGE_STANDARD = "gnu++0x";
				CLANG_CXX_LIBRARY = "libc++";
				CLANG_ENABLE_MODULES = YES;
				CLANG_ENABLE_OBJC_ARC = YES;
				CLANG_WARN_BOOL_CONVERSION = YES;
				CLANG_WARN_CONSTANT_CONVERSION = YES;
				CLANG_WARN_DIRECT_OBJC_ISA_USAGE = YES_ERROR;
				CLANG_WARN_EMPTY_BODY = YES;
				CLANG_WARN_ENUM_CONVERSION = YES;
				CLANG_WARN_INT_CONVERSION = YES;
				CLANG_WARN_OBJC_ROOT_CLASS = YES_ERROR;
				CLANG_WARN_UNREACHABLE_CODE = YES;
				CLANG_WARN__DUPLICATE_METHOD_MATCH = YES;
				"CODE_SIGN_IDENTITY[sdk=iphoneos*]" = "iPhone Developer";
				COPY_PHASE_STRIP = NO;
				DEBUG_INFORMATION_FORMAT = "dwarf-with-dsym";
				ENABLE_NS_ASSERTIONS = NO;
				ENABLE_STRICT_OBJC_MSGSEND = YES;
				GCC_C_LANGUAGE_STANDARD = gnu99;
				GCC_NO_COMMON_BLOCKS = YES;
				GCC_WARN_64_TO_32_BIT_CONVERSION = YES;
				GCC_WARN_ABOUT_RETURN_TYPE = YES_ERROR;
				GCC_WARN_UNDECLARED_SELECTOR = YES;
				GCC_WARN_UNINITIALIZED_AUTOS = YES_AGGRESSIVE;
				GCC_WARN_UNUSED_FUNCTION = YES;
				GCC_WARN_UNUSED_VARIABLE = YES;
				IPHONEOS_DEPLOYMENT_TARGET = 8.3;
				MTL_ENABLE_DEBUG_INFO = NO;
				SDKROOT = iphoneos;
				VALIDATE_PRODUCT = YES;
			};
			name = Release;
		};
		B7C48E0F1AF5AFBD000F2FB9 /* Debug */ = {
			isa = XCBuildConfiguration;
			buildSettings = {
				ASSETCATALOG_COMPILER_APPICON_NAME = AppIcon;
				INFOPLIST_FILE = RecipeStore/Info.plist;
				LD_RUNPATH_SEARCH_PATHS = "$(inherited) @executable_path/Frameworks";
				PRODUCT_NAME = "$(TARGET_NAME)";
			};
			name = Debug;
		};
		B7C48E101AF5AFBD000F2FB9 /* Release */ = {
			isa = XCBuildConfiguration;
			buildSettings = {
				ASSETCATALOG_COMPILER_APPICON_NAME = AppIcon;
				INFOPLIST_FILE = RecipeStore/Info.plist;
				LD_RUNPATH_SEARCH_PATHS = "$(inherited) @executable_path/Frameworks";
				PRODUCT_NAME = "$(TARGET_NAME)";
			};
			name = Release;
		};
		B7C48E121AF5AFBD000F2FB9 /* Debug */ = {
			isa = XCBuildConfiguration;
			buildSettings = {
				BUNDLE_LOADER = "$(TEST_HOST)";
				FRAMEWORK_SEARCH_PATHS = (
					"$(SDKROOT)/Developer/Library/Frameworks",
					"$(inherited)",
				);
				GCC_PREPROCESSOR_DEFINITIONS = (
					"DEBUG=1",
					"$(inherited)",
				);
				INFOPLIST_FILE = RecipeStoreTests/Info.plist;
				LD_RUNPATH_SEARCH_PATHS = "$(inherited) @executable_path/Frameworks @loader_path/Frameworks";
				PRODUCT_NAME = "$(TARGET_NAME)";
				TEST_HOST = "$(BUILT_PRODUCTS_DIR)/RecipeStore.app/RecipeStore";
			};
			name = Debug;
		};
		B7C48E131AF5AFBD000F2FB9 /* Release */ = {
			isa = XCBuildConfiguration;
			buildSettings = {
				BUNDLE_LOADER = "$(TEST_HOST)";
				FRAMEWORK_SEARCH_PATHS = (
					"$(SDKROOT)/Developer/Library/Frameworks",
					"$(inherited)",
				);
				INFOPLIST_FILE = RecipeStoreTests/Info.plist;
				LD_RUNPATH_SEARCH_PATHS = "$(inherited) @executable_path/Frameworks @loader_path/Frameworks";
				PRODUCT_NAME = "$(TARGET_NAME)";
				TEST_HOST = "$(BUILT_PRODUCTS_DIR)/RecipeStore.app/RecipeStore";
			};
			name = Release;
		};
/* End XCBuildConfiguration section */

/* Begin XCConfigurationList section */
		B7C48DE31AF5AFBD000F2FB9 /* Build configuration list for PBXProject "RecipeStore" */ = {
			isa = XCConfigurationList;
			buildConfigurations = (
				B7C48E0C1AF5AFBD000F2FB9 /* Debug */,
				B7C48E0D1AF5AFBD000F2FB9 /* Release */,
			);
			defaultConfigurationIsVisible = 0;
			defaultConfigurationName = Release;
		};
		B7C48E0E1AF5AFBD000F2FB9 /* Build configuration list for PBXNativeTarget "RecipeStore" */ = {
			isa = XCConfigurationList;
			buildConfigurations = (
				B7C48E0F1AF5AFBD000F2FB9 /* Debug */,
				B7C48E101AF5AFBD000F2FB9 /* Release */,
			);
			defaultConfigurationIsVisible = 0;
		};
		B7C48E111AF5AFBD000F2FB9 /* Build configuration list for PBXNativeTarget "RecipeStoreTests" */ = {
			isa = XCConfigurationList;
			buildConfigurations = (
				B7C48E121AF5AFBD000F2FB9 /* Debug */,
				B7C48E131AF5AFBD000F2FB9 /* Release */,
			);
			defaultConfigurationIsVisible = 0;
		};
/* End XCConfigurationList section */

/* Begin XCVersionGroup section */
		B7C48DF21AF5AFBD000F2FB9 /* RecipeStore.xcdatamodeld */ = {
			isa = XCVersionGroup;
			children = (
				B7C48DF31AF5AFBD000F2FB9 /* RecipeStore.xcdatamodel */,
			);
			currentVersion = B7C48DF31AF5AFBD000F2FB9 /* RecipeStore.xcdatamodel */;
			path = RecipeStore.xcdatamodeld;
			sourceTree = "<group>";
			versionGroupType = wrapper.xcdatamodel;
		};
/* End XCVersionGroup section */
	};
	rootObject = B7C48DE01AF5AFBD000F2FB9 /* Project object */;
}
